// !$*UTF8*$!
{
	archiveVersion = 1;
	classes = {
	};
	objectVersion = 46;
	objects = {

/* Begin PBXBuildFile section */
		8D60CDCC1E40603F002BB745 /* 1.swift in Sources */ = {isa = PBXBuildFile; fileRef = 8D60CDCB1E40603F002BB745 /* 1.swift */; };
		8D60CDD71E40610E002BB745 /* 2.swift in Sources */ = {isa = PBXBuildFile; fileRef = 8D60CDD61E40610E002BB745 /* 2.swift */; };
		8D60CDD91E406186002BB745 /* ListNode.swift in Sources */ = {isa = PBXBuildFile; fileRef = 8D60CDD81E406186002BB745 /* ListNode.swift */; };
		8D60CDDB1E4076D2002BB745 /* 100.swift in Sources */ = {isa = PBXBuildFile; fileRef = 8D60CDDA1E4076D2002BB745 /* 100.swift */; };
		8D7A900E1E43883A00736031 /* 217.swift in Sources */ = {isa = PBXBuildFile; fileRef = 8D7A900D1E43883A00736031 /* 217.swift */; };
		8DFAD3FD1E407DA500499F57 /* TreeNode.swift in Sources */ = {isa = PBXBuildFile; fileRef = 8DFAD3FC1E407DA500499F57 /* TreeNode.swift */; };
		8DFAD3FF1E407F0C00499F57 /* 258.swift in Sources */ = {isa = PBXBuildFile; fileRef = 8DFAD3FE1E407F0C00499F57 /* 258.swift */; };
		8DFAD4011E40C8D700499F57 /* 104.swift in Sources */ = {isa = PBXBuildFile; fileRef = 8DFAD4001E40C8D700499F57 /* 104.swift */; };
/* End PBXBuildFile section */

/* Begin PBXFileReference section */
		8D60CDC71E40603F002BB745 /* leetcodeTests.xctest */ = {isa = PBXFileReference; explicitFileType = wrapper.cfbundle; includeInIndex = 0; path = leetcodeTests.xctest; sourceTree = BUILT_PRODUCTS_DIR; };
		8D60CDCB1E40603F002BB745 /* 1.swift */ = {isa = PBXFileReference; lastKnownFileType = sourcecode.swift; path = 1.swift; sourceTree = "<group>"; };
		8D60CDCD1E40603F002BB745 /* Info.plist */ = {isa = PBXFileReference; lastKnownFileType = text.plist.xml; path = Info.plist; sourceTree = "<group>"; };
		8D60CDD61E40610E002BB745 /* 2.swift */ = {isa = PBXFileReference; fileEncoding = 4; lastKnownFileType = sourcecode.swift; path = 2.swift; sourceTree = "<group>"; };
		8D60CDD81E406186002BB745 /* ListNode.swift */ = {isa = PBXFileReference; fileEncoding = 4; lastKnownFileType = sourcecode.swift; path = ListNode.swift; sourceTree = "<group>"; };
		8D60CDDA1E4076D2002BB745 /* 100.swift */ = {isa = PBXFileReference; fileEncoding = 4; lastKnownFileType = sourcecode.swift; path = 100.swift; sourceTree = "<group>"; };
		8D7A900D1E43883A00736031 /* 217.swift */ = {isa = PBXFileReference; fileEncoding = 4; lastKnownFileType = sourcecode.swift; path = 217.swift; sourceTree = "<group>"; };
		8DFAD3FC1E407DA500499F57 /* TreeNode.swift */ = {isa = PBXFileReference; fileEncoding = 4; lastKnownFileType = sourcecode.swift; path = TreeNode.swift; sourceTree = "<group>"; };
		8DFAD3FE1E407F0C00499F57 /* 258.swift */ = {isa = PBXFileReference; fileEncoding = 4; lastKnownFileType = sourcecode.swift; path = 258.swift; sourceTree = "<group>"; };
		8DFAD4001E40C8D700499F57 /* 104.swift */ = {isa = PBXFileReference; fileEncoding = 4; lastKnownFileType = sourcecode.swift; path = 104.swift; sourceTree = "<group>"; };
/* End PBXFileReference section */

/* Begin PBXFrameworksBuildPhase section */
		8D60CDC41E40603F002BB745 /* Frameworks */ = {
			isa = PBXFrameworksBuildPhase;
			buildActionMask = 2147483647;
			files = (
			);
			runOnlyForDeploymentPostprocessing = 0;
		};
/* End PBXFrameworksBuildPhase section */

/* Begin PBXGroup section */
		8D60CDAF1E40603F002BB745 = {
			isa = PBXGroup;
			children = (
				8D60CDCA1E40603F002BB745 /* leetcodeTests */,
				8D60CDB91E40603F002BB745 /* Products */,
			);
			sourceTree = "<group>";
		};
		8D60CDB91E40603F002BB745 /* Products */ = {
			isa = PBXGroup;
			children = (
				8D60CDC71E40603F002BB745 /* leetcodeTests.xctest */,
			);
			name = Products;
			sourceTree = "<group>";
		};
		8D60CDCA1E40603F002BB745 /* leetcodeTests */ = {
			isa = PBXGroup;
			children = (
				8D60CDCB1E40603F002BB745 /* 1.swift */,
				8D60CDD61E40610E002BB745 /* 2.swift */,
				8D60CDDA1E4076D2002BB745 /* 100.swift */,
				8DFAD3FE1E407F0C00499F57 /* 258.swift */,
				8DFAD4001E40C8D700499F57 /* 104.swift */,
				8D7A900D1E43883A00736031 /* 217.swift */,
				8D60CDCD1E40603F002BB745 /* Info.plist */,
				8D60CDD81E406186002BB745 /* ListNode.swift */,
				8DFAD3FC1E407DA500499F57 /* TreeNode.swift */,
			);
			path = leetcodeTests;
			sourceTree = "<group>";
		};
/* End PBXGroup section */

/* Begin PBXNativeTarget section */
		8D60CDC61E40603F002BB745 /* leetcodeTests */ = {
			isa = PBXNativeTarget;
			buildConfigurationList = 8D60CDD31E40603F002BB745 /* Build configuration list for PBXNativeTarget "leetcodeTests" */;
			buildPhases = (
				8D60CDC31E40603F002BB745 /* Sources */,
				8D60CDC41E40603F002BB745 /* Frameworks */,
				8D60CDC51E40603F002BB745 /* Resources */,
			);
			buildRules = (
			);
			dependencies = (
			);
			name = leetcodeTests;
			productName = leetcodeTests;
			productReference = 8D60CDC71E40603F002BB745 /* leetcodeTests.xctest */;
			productType = "com.apple.product-type.bundle.unit-test";
		};
/* End PBXNativeTarget section */

/* Begin PBXProject section */
		8D60CDB01E40603F002BB745 /* Project object */ = {
			isa = PBXProject;
			attributes = {
				LastSwiftUpdateCheck = 0820;
				LastUpgradeCheck = 0820;
				ORGANIZATIONNAME = boska;
				TargetAttributes = {
					8D60CDC61E40603F002BB745 = {
						CreatedOnToolsVersion = 8.2.1;
						DevelopmentTeam = 3V6E7JUYWG;
						ProvisioningStyle = Automatic;
					};
				};
			};
			buildConfigurationList = 8D60CDB31E40603F002BB745 /* Build configuration list for PBXProject "leetcode" */;
			compatibilityVersion = "Xcode 3.2";
			developmentRegion = English;
			hasScannedForEncodings = 0;
			knownRegions = (
				en,
				Base,
			);
			mainGroup = 8D60CDAF1E40603F002BB745;
			productRefGroup = 8D60CDB91E40603F002BB745 /* Products */;
			projectDirPath = "";
			projectRoot = "";
			targets = (
				8D60CDC61E40603F002BB745 /* leetcodeTests */,
			);
		};
/* End PBXProject section */

/* Begin PBXResourcesBuildPhase section */
		8D60CDC51E40603F002BB745 /* Resources */ = {
			isa = PBXResourcesBuildPhase;
			buildActionMask = 2147483647;
			files = (
			);
			runOnlyForDeploymentPostprocessing = 0;
		};
/* End PBXResourcesBuildPhase section */

/* Begin PBXSourcesBuildPhase section */
		8D60CDC31E40603F002BB745 /* Sources */ = {
			isa = PBXSourcesBuildPhase;
			buildActionMask = 2147483647;
			files = (
				8D60CDD71E40610E002BB745 /* 2.swift in Sources */,
				8DFAD3FF1E407F0C00499F57 /* 258.swift in Sources */,
				8D60CDDB1E4076D2002BB745 /* 100.swift in Sources */,
				8D60CDCC1E40603F002BB745 /* 1.swift in Sources */,
				8DFAD4011E40C8D700499F57 /* 104.swift in Sources */,
				8DFAD3FD1E407DA500499F57 /* TreeNode.swift in Sources */,
				8D7A900E1E43883A00736031 /* 217.swift in Sources */,
				8D60CDD91E406186002BB745 /* ListNode.swift in Sources */,
			);
			runOnlyForDeploymentPostprocessing = 0;
		};
/* End PBXSourcesBuildPhase section */

/* Begin XCBuildConfiguration section */
		8D60CDCE1E40603F002BB745 /* Debug */ = {
			isa = XCBuildConfiguration;
			buildSettings = {
				ALWAYS_SEARCH_USER_PATHS = NO;
				CLANG_ANALYZER_NONNULL = YES;
				CLANG_CXX_LANGUAGE_STANDARD = "gnu++0x";
				CLANG_CXX_LIBRARY = "libc++";
				CLANG_ENABLE_MODULES = YES;
				CLANG_ENABLE_OBJC_ARC = YES;
				CLANG_WARN_BOOL_CONVERSION = YES;
				CLANG_WARN_CONSTANT_CONVERSION = YES;
				CLANG_WARN_DIRECT_OBJC_ISA_USAGE = YES_ERROR;
				CLANG_WARN_DOCUMENTATION_COMMENTS = YES;
				CLANG_WARN_EMPTY_BODY = YES;
				CLANG_WARN_ENUM_CONVERSION = YES;
				CLANG_WARN_INFINITE_RECURSION = YES;
				CLANG_WARN_INT_CONVERSION = YES;
				CLANG_WARN_OBJC_ROOT_CLASS = YES_ERROR;
				CLANG_WARN_SUSPICIOUS_MOVE = YES;
				CLANG_WARN_UNREACHABLE_CODE = YES;
				CLANG_WARN__DUPLICATE_METHOD_MATCH = YES;
				CODE_SIGN_IDENTITY = "-";
				COPY_PHASE_STRIP = NO;
				DEBUG_INFORMATION_FORMAT = dwarf;
				ENABLE_STRICT_OBJC_MSGSEND = YES;
				ENABLE_TESTABILITY = YES;
				GCC_C_LANGUAGE_STANDARD = gnu99;
				GCC_DYNAMIC_NO_PIC = NO;
				GCC_NO_COMMON_BLOCKS = YES;
				GCC_OPTIMIZATION_LEVEL = 0;
				GCC_PREPROCESSOR_DEFINITIONS = (
					"DEBUG=1",
					"$(inherited)",
				);
				GCC_WARN_64_TO_32_BIT_CONVERSION = YES;
				GCC_WARN_ABOUT_RETURN_TYPE = YES_ERROR;
				GCC_WARN_UNDECLARED_SELECTOR = YES;
				GCC_WARN_UNINITIALIZED_AUTOS = YES_AGGRESSIVE;
				GCC_WARN_UNUSED_FUNCTION = YES;
				GCC_WARN_UNUSED_VARIABLE = YES;
				MACOSX_DEPLOYMENT_TARGET = 10.12;
				MTL_ENABLE_DEBUG_INFO = YES;
				ONLY_ACTIVE_ARCH = YES;
				SDKROOT = macosx;
				SWIFT_ACTIVE_COMPILATION_CONDITIONS = DEBUG;
				SWIFT_OPTIMIZATION_LEVEL = "-Onone";
			};
			name = Debug;
		};
		8D60CDCF1E40603F002BB745 /* Release */ = {
			isa = XCBuildConfiguration;
			buildSettings = {
				ALWAYS_SEARCH_USER_PATHS = NO;
				CLANG_ANALYZER_NONNULL = YES;
				CLANG_CXX_LANGUAGE_STANDARD = "gnu++0x";
				CLANG_CXX_LIBRARY = "libc++";
				CLANG_ENABLE_MODULES = YES;
				CLANG_ENABLE_OBJC_ARC = YES;
				CLANG_WARN_BOOL_CONVERSION = YES;
				CLANG_WARN_CONSTANT_CONVERSION = YES;
				CLANG_WARN_DIRECT_OBJC_ISA_USAGE = YES_ERROR;
				CLANG_WARN_DOCUMENTATION_COMMENTS = YES;
				CLANG_WARN_EMPTY_BODY = YES;
				CLANG_WARN_ENUM_CONVERSION = YES;
				CLANG_WARN_INFINITE_RECURSION = YES;
				CLANG_WARN_INT_CONVERSION = YES;
				CLANG_WARN_OBJC_ROOT_CLASS = YES_ERROR;
				CLANG_WARN_SUSPICIOUS_MOVE = YES;
				CLANG_WARN_UNREACHABLE_CODE = YES;
				CLANG_WARN__DUPLICATE_METHOD_MATCH = YES;
				CODE_SIGN_IDENTITY = "-";
				COPY_PHASE_STRIP = NO;
				DEBUG_INFORMATION_FORMAT = "dwarf-with-dsym";
				ENABLE_NS_ASSERTIONS = NO;
				ENABLE_STRICT_OBJC_MSGSEND = YES;
				GCC_C_LANGUAGE_STANDARD = gnu99;
				GCC_NO_COMMON_BLOCKS = YES;
				GCC_WARN_64_TO_32_BIT_CONVERSION = YES;
				GCC_WARN_ABOUT_RETURN_TYPE = YES_ERROR;
				GCC_WARN_UNDECLARED_SELECTOR = YES;
				GCC_WARN_UNINITIALIZED_AUTOS = YES_AGGRESSIVE;
				GCC_WARN_UNUSED_FUNCTION = YES;
				GCC_WARN_UNUSED_VARIABLE = YES;
				MACOSX_DEPLOYMENT_TARGET = 10.12;
				MTL_ENABLE_DEBUG_INFO = NO;
				SDKROOT = macosx;
				SWIFT_OPTIMIZATION_LEVEL = "-Owholemodule";
			};
			name = Release;
		};
		8D60CDD41E40603F002BB745 /* Debug */ = {
			isa = XCBuildConfiguration;
			buildSettings = {
				COMBINE_HIDPI_IMAGES = YES;
				DEVELOPMENT_TEAM = 3V6E7JUYWG;
				INFOPLIST_FILE = leetcodeTests/Info.plist;
				LD_RUNPATH_SEARCH_PATHS = "$(inherited) @executable_path/../Frameworks @loader_path/../Frameworks";
				PRODUCT_BUNDLE_IDENTIFIER = boska.leetcodeTests;
				PRODUCT_NAME = "$(TARGET_NAME)";
				SWIFT_VERSION = 3.0;
			};
			name = Debug;
		};
		8D60CDD51E40603F002BB745 /* Release */ = {
			isa = XCBuildConfiguration;
			buildSettings = {
				COMBINE_HIDPI_IMAGES = YES;
				DEVELOPMENT_TEAM = 3V6E7JUYWG;
				INFOPLIST_FILE = leetcodeTests/Info.plist;
				LD_RUNPATH_SEARCH_PATHS = "$(inherited) @executable_path/../Frameworks @loader_path/../Frameworks";
				PRODUCT_BUNDLE_IDENTIFIER = boska.leetcodeTests;
				PRODUCT_NAME = "$(TARGET_NAME)";
				SWIFT_VERSION = 3.0;
			};
			name = Release;
		};
/* End XCBuildConfiguration section */

/* Begin XCConfigurationList section */
		8D60CDB31E40603F002BB745 /* Build configuration list for PBXProject "leetcode" */ = {
			isa = XCConfigurationList;
			buildConfigurations = (
				8D60CDCE1E40603F002BB745 /* Debug */,
				8D60CDCF1E40603F002BB745 /* Release */,
			);
			defaultConfigurationIsVisible = 0;
			defaultConfigurationName = Release;
		};
		8D60CDD31E40603F002BB745 /* Build configuration list for PBXNativeTarget "leetcodeTests" */ = {
			isa = XCConfigurationList;
			buildConfigurations = (
				8D60CDD41E40603F002BB745 /* Debug */,
				8D60CDD51E40603F002BB745 /* Release */,
			);
			defaultConfigurationIsVisible = 0;
			defaultConfigurationName = Release;
		};
/* End XCConfigurationList section */
	};
	rootObject = 8D60CDB01E40603F002BB745 /* Project object */;
}
